
Microsoft Visual Studio Solution File, Format Version 12.00
# Visual Studio 15
Project("{FAE04EC0-301F-11D3-BF4B-00C04F79EFBC}") = "UnityEngine.TestRunner", "UnityEngine.TestRunner.csproj", "{EDA5C7E9-ED02-99F1-176C-F67333921046}"
EndProject
Project("{FAE04EC0-301F-11D3-BF4B-00C04F79EFBC}") = "UnityEngine.UI", "UnityEngine.UI.csproj", "{449607B3-EA92-8362-F531-91D40B189621}"
EndProject
Project("{FAE04EC0-301F-11D3-BF4B-00C04F79EFBC}") = "Unity.TextMeshPro", "Unity.TextMeshPro.csproj", "{39D66C88-D72B-668C-41FB-8DDEE1B8A920}"
EndProject
Project("{FAE04EC0-301F-11D3-BF4B-00C04F79EFBC}") = "Unity.2D.Animation.Runtime", "Unity.2D.Animation.Runtime.csproj", "{28F6705C-483A-29DA-B036-C3C5573D21C1}"
EndProject
Project("{FAE04EC0-301F-11D3-BF4B-00C04F79EFBC}") = "Unity.Timeline", "Unity.Timeline.csproj", "{57B0B138-2FE9-9714-F6D0-A397E4EDDDEF}"
EndProject
Project("{FAE04EC0-301F-11D3-BF4B-00C04F79EFBC}") = "Unity.Mathematics", "Unity.Mathematics.csproj", "{7F2A2F94-4190-2AED-BEBD-4F4EE9072C38}"
EndProject
Project("{FAE04EC0-301F-11D3-BF4B-00C04F79EFBC}") = "Unity.2D.SpriteShape.Runtime", "Unity.2D.SpriteShape.Runtime.csproj", "{5F363BBE-0C8C-7134-B694-E86501DC27FE}"
EndProject
Project("{FAE04EC0-301F-11D3-BF4B-00C04F79EFBC}") = "Unity.Notifications.iOS", "Unity.Notifications.iOS.csproj", "{3AB61EB3-AA03-6390-8214-7C3C37881611}"
EndProject
Project("{FAE04EC0-301F-11D3-BF4B-00C04F79EFBC}") = "Unity.2D.PixelPerfect", "Unity.2D.PixelPerfect.csproj", "{3D3B25C0-F45A-367E-5EA4-1442E108CD49}"
EndProject
Project("{FAE04EC0-301F-11D3-BF4B-00C04F79EFBC}") = "Unity.Notifications.Android", "Unity.Notifications.Android.csproj", "{11C289F0-0182-FEAE-D181-FBC3FA56453C}"
EndProject
Project("{FAE04EC0-301F-11D3-BF4B-00C04F79EFBC}") = "Unity.InternalAPIEngineBridge.001", "Unity.InternalAPIEngineBridge.001.csproj", "{3EE2964A-A4C0-4F7E-9F33-3EB797960CD8}"
EndProject
Project("{FAE04EC0-301F-11D3-BF4B-00C04F79EFBC}") = "Assembly-CSharp", "Assembly-CSharp.csproj", "{074DB4C6-7C98-AE9B-1A8E-6775EF239BBF}"
EndProject
Project("{FAE04EC0-301F-11D3-BF4B-00C04F79EFBC}") = "Unity.2D.Common.Runtime", "Unity.2D.Common.Runtime.csproj", "{F12F3214-A4E0-7307-A816-87EB9128C728}"
EndProject
Project("{FAE04EC0-301F-11D3-BF4B-00C04F79EFBC}") = "UnityEditor.TestRunner", "UnityEditor.TestRunner.csproj", "{11CF67E9-A78E-DFA2-7835-A6795A298D7C}"
EndProject
Project("{FAE04EC0-301F-11D3-BF4B-00C04F79EFBC}") = "Unity.VisualStudio.Editor", "Unity.VisualStudio.Editor.csproj", "{D2CB600D-E96B-FAFD-7AF6-2A246486041B}"
EndProject
Project("{FAE04EC0-301F-11D3-BF4B-00C04F79EFBC}") = "Unity.TextMeshPro.Editor", "Unity.TextMeshPro.Editor.csproj", "{D96F6EBC-1988-39E2-5DE1-4A43F4838C11}"
EndProject
Project("{FAE04EC0-301F-11D3-BF4B-00C04F79EFBC}") = "Unity.Timeline.Editor", "Unity.Timeline.Editor.csproj", "{1BF1078B-662A-8032-05E3-13E69DA068AC}"
EndProject
Project("{FAE04EC0-301F-11D3-BF4B-00C04F79EFBC}") = "Unity.PlasticSCM.Editor", "Unity.PlasticSCM.Editor.csproj", "{C45CF221-57CA-B153-62FF-F7DCE861C196}"
EndProject
Project("{FAE04EC0-301F-11D3-BF4B-00C04F79EFBC}") = "Unity.2D.Animation.Triangle.Editor", "Unity.2D.Animation.Triangle.Editor.csproj", "{DC658633-C07B-45D5-C5C0-CC32286962D9}"
EndProject
Project("{FAE04EC0-301F-11D3-BF4B-00C04F79EFBC}") = "Unity.2D.Animation.Editor", "Unity.2D.Animation.Editor.csproj", "{833A0A68-3798-5563-CA57-63B21DEA61BD}"
EndProject
Project("{FAE04EC0-301F-11D3-BF4B-00C04F79EFBC}") = "Unity.2D.Path.Editor", "Unity.2D.Path.Editor.csproj", "{552F39DB-A5F0-7A15-4C56-49E106BD5799}"
EndProject
Project("{FAE04EC0-301F-11D3-BF4B-00C04F79EFBC}") = "Unity.2D.Sprite.Editor", "Unity.2D.Sprite.Editor.csproj", "{D81349E6-2CDA-5CCB-B4A9-5B6AB51B68E4}"
EndProject
Project("{FAE04EC0-301F-11D3-BF4B-00C04F79EFBC}") = "UnityEditor.UI", "UnityEditor.UI.csproj", "{9CFF0209-A379-3D42-6D4A-C9EA36A95995}"
EndProject
Project("{FAE04EC0-301F-11D3-BF4B-00C04F79EFBC}") = "Unity.Mobile.AndroidLogcat.Editor", "Unity.Mobile.AndroidLogcat.Editor.csproj", "{79441954-7E42-8A39-B3CA-ABC95E8F1317}"
EndProject
Project("{FAE04EC0-301F-11D3-BF4B-00C04F79EFBC}") = "Unity.Notifications", "Unity.Notifications.csproj", "{BA54E51B-4E2B-63DB-D98A-C2C5483F5ED5}"
EndProject
Project("{FAE04EC0-301F-11D3-BF4B-00C04F79EFBC}") = "Unity.Rider.Editor", "Unity.Rider.Editor.csproj", "{14392883-3182-0D6F-988A-6602EB2ACE78}"
EndProject
Project("{FAE04EC0-301F-11D3-BF4B-00C04F79EFBC}") = "Unity.2D.Tilemap.Editor", "Unity.2D.Tilemap.Editor.csproj", "{C05FB227-D67D-7A80-89A1-8BF91A1D9751}"
EndProject
Project("{FAE04EC0-301F-11D3-BF4B-00C04F79EFBC}") = "Unity.2D.SpriteShape.Editor", "Unity.2D.SpriteShape.Editor.csproj", "{F941F294-C94E-30E4-AFBF-D2D381F245B7}"
EndProject
Project("{FAE04EC0-301F-11D3-BF4B-00C04F79EFBC}") = "PsdPlugin", "PsdPlugin.csproj", "{7BF371CC-5F5A-A7B7-667F-D68027C17111}"
EndProject
Project("{FAE04EC0-301F-11D3-BF4B-00C04F79EFBC}") = "Unity.CollabProxy.Editor", "Unity.CollabProxy.Editor.csproj", "{5D601F6E-8464-4B1B-DF75-FA489F97FBA4}"
EndProject
Project("{FAE04EC0-301F-11D3-BF4B-00C04F79EFBC}") = "Unity.VSCode.Editor", "Unity.VSCode.Editor.csproj", "{FFD69191-B51F-DB8C-4209-B4DDC8AB2FDC}"
EndProject
Project("{FAE04EC0-301F-11D3-BF4B-00C04F79EFBC}") = "Unity.2D.Common.Editor", "Unity.2D.Common.Editor.csproj", "{E070BA6C-65D7-578D-BE63-F521805A664A}"
EndProject
Project("{FAE04EC0-301F-11D3-BF4B-00C04F79EFBC}") = "Unity.2D.Psdimporter.Editor", "Unity.2D.Psdimporter.Editor.csproj", "{64C7AF52-EC4A-500E-8F18-9A243F58C942}"
EndProject
Project("{FAE04EC0-301F-11D3-BF4B-00C04F79EFBC}") = "Unity.2D.PixelPerfect.Editor", "Unity.2D.PixelPerfect.Editor.csproj", "{31DAFA25-36B5-307D-BF36-782E15FDFAC0}"
EndProject
Project("{FAE04EC0-301F-11D3-BF4B-00C04F79EFBC}") = "Unity.Mathematics.Editor", "Unity.Mathematics.Editor.csproj", "{5D8AE7AB-3771-52F4-F3AA-C96D84593664}"
EndProject
Project("{FAE04EC0-301F-11D3-BF4B-00C04F79EFBC}") = "Unity.InternalAPIEditorBridge.001", "Unity.InternalAPIEditorBridge.001.csproj", "{DC9718FB-32D7-C72C-1E99-A7A86111387C}"
EndProject
Project("{FAE04EC0-301F-11D3-BF4B-00C04F79EFBC}") = "Assembly-CSharp-Editor", "Assembly-CSharp-Editor.csproj", "{7E7EAE3F-A0FD-06B6-73D4-29C01300E915}"
EndProject
Project("{FAE04EC0-301F-11D3-BF4B-00C04F79EFBC}") = "UnityEngine.TestRunner", "UnityEngine.TestRunner.Player.csproj", "{2F7EF38A-730F-02AF-4401-E47DBBDF9DB9}"
EndProject
Project("{FAE04EC0-301F-11D3-BF4B-00C04F79EFBC}") = "UnityEngine.UI", "UnityEngine.UI.Player.csproj", "{E3FFEF99-23C5-C841-33B0-053F57DAB709}"
EndProject
Project("{FAE04EC0-301F-11D3-BF4B-00C04F79EFBC}") = "Unity.TextMeshPro", "Unity.TextMeshPro.Player.csproj", "{9E10CC3D-F442-2B41-8EBC-9D6AA6A58644}"
EndProject
Project("{FAE04EC0-301F-11D3-BF4B-00C04F79EFBC}") = "Unity.2D.Animation.Runtime", "Unity.2D.Animation.Runtime.Player.csproj", "{DA439901-BFB7-DBAB-5E77-F1FC706FC470}"
EndProject
Project("{FAE04EC0-301F-11D3-BF4B-00C04F79EFBC}") = "Unity.Timeline", "Unity.Timeline.Player.csproj", "{4B46A20F-78A6-79C0-F873-CBD6D59C610D}"
EndProject
Project("{FAE04EC0-301F-11D3-BF4B-00C04F79EFBC}") = "Unity.Mathematics", "Unity.Mathematics.Player.csproj", "{C736E89F-A554-9C56-87CB-27D17F463BD6}"
EndProject
Project("{FAE04EC0-301F-11D3-BF4B-00C04F79EFBC}") = "Unity.2D.SpriteShape.Runtime", "Unity.2D.SpriteShape.Runtime.Player.csproj", "{70AB8210-8573-30C4-2CFA-AEEACA648410}"
EndProject
Project("{FAE04EC0-301F-11D3-BF4B-00C04F79EFBC}") = "Unity.2D.PixelPerfect", "Unity.2D.PixelPerfect.Player.csproj", "{D6A18FC8-1B0C-D271-6475-848FD6D5DAEA}"
EndProject
Project("{FAE04EC0-301F-11D3-BF4B-00C04F79EFBC}") = "Unity.Notifications.Android", "Unity.Notifications.Android.Player.csproj", "{7B96BA9B-A98C-A969-8EEC-DDC41E3CB8FD}"
EndProject
Project("{FAE04EC0-301F-11D3-BF4B-00C04F79EFBC}") = "Unity.InternalAPIEngineBridge.001", "Unity.InternalAPIEngineBridge.001.Player.csproj", "{F36B3E65-EDD4-E723-F5EC-A10E22E7790E}"
EndProject
Project("{FAE04EC0-301F-11D3-BF4B-00C04F79EFBC}") = "Assembly-CSharp", "Assembly-CSharp.Player.csproj", "{9775B28C-C63F-9F69-B7B2-309CF94DE65A}"
EndProject
Project("{FAE04EC0-301F-11D3-BF4B-00C04F79EFBC}") = "Unity.2D.Common.Runtime", "Unity.2D.Common.Runtime.Player.csproj", "{AF2FA4AF-03BB-3AE0-8AC0-F95BA520E066}"
EndProject
Global
	GlobalSection(SolutionConfigurationPlatforms) = preSolution
		Debug|Any CPU = Debug|Any CPU
		Release|Any CPU = Release|Any CPU
	EndGlobalSection
	GlobalSection(ProjectConfigurationPlatforms) = postSolution
		{EDA5C7E9-ED02-99F1-176C-F67333921046}.Debug|Any CPU.ActiveCfg = Debug|Any CPU
		{EDA5C7E9-ED02-99F1-176C-F67333921046}.Debug|Any CPU.Build.0 = Debug|Any CPU
		{EDA5C7E9-ED02-99F1-176C-F67333921046}.Release|Any CPU.ActiveCfg = Release|Any CPU
		{EDA5C7E9-ED02-99F1-176C-F67333921046}.Release|Any CPU.Build.0 = Release|Any CPU
		{449607B3-EA92-8362-F531-91D40B189621}.Debug|Any CPU.ActiveCfg = Debug|Any CPU
		{449607B3-EA92-8362-F531-91D40B189621}.Debug|Any CPU.Build.0 = Debug|Any CPU
		{449607B3-EA92-8362-F531-91D40B189621}.Release|Any CPU.ActiveCfg = Release|Any CPU
		{449607B3-EA92-8362-F531-91D40B189621}.Release|Any CPU.Build.0 = Release|Any CPU
		{39D66C88-D72B-668C-41FB-8DDEE1B8A920}.Debug|Any CPU.ActiveCfg = Debug|Any CPU
		{39D66C88-D72B-668C-41FB-8DDEE1B8A920}.Debug|Any CPU.Build.0 = Debug|Any CPU
		{39D66C88-D72B-668C-41FB-8DDEE1B8A920}.Release|Any CPU.ActiveCfg = Release|Any CPU
		{39D66C88-D72B-668C-41FB-8DDEE1B8A920}.Release|Any CPU.Build.0 = Release|Any CPU
		{28F6705C-483A-29DA-B036-C3C5573D21C1}.Debug|Any CPU.ActiveCfg = Debug|Any CPU
		{28F6705C-483A-29DA-B036-C3C5573D21C1}.Debug|Any CPU.Build.0 = Debug|Any CPU
		{28F6705C-483A-29DA-B036-C3C5573D21C1}.Release|Any CPU.ActiveCfg = Release|Any CPU
		{28F6705C-483A-29DA-B036-C3C5573D21C1}.Release|Any CPU.Build.0 = Release|Any CPU
		{57B0B138-2FE9-9714-F6D0-A397E4EDDDEF}.Debug|Any CPU.ActiveCfg = Debug|Any CPU
		{57B0B138-2FE9-9714-F6D0-A397E4EDDDEF}.Debug|Any CPU.Build.0 = Debug|Any CPU
		{57B0B138-2FE9-9714-F6D0-A397E4EDDDEF}.Release|Any CPU.ActiveCfg = Release|Any CPU
		{57B0B138-2FE9-9714-F6D0-A397E4EDDDEF}.Release|Any CPU.Build.0 = Release|Any CPU
		{7F2A2F94-4190-2AED-BEBD-4F4EE9072C38}.Debug|Any CPU.ActiveCfg = Debug|Any CPU
		{7F2A2F94-4190-2AED-BEBD-4F4EE9072C38}.Debug|Any CPU.Build.0 = Debug|Any CPU
		{7F2A2F94-4190-2AED-BEBD-4F4EE9072C38}.Release|Any CPU.ActiveCfg = Release|Any CPU
		{7F2A2F94-4190-2AED-BEBD-4F4EE9072C38}.Release|Any CPU.Build.0 = Release|Any CPU
		{5F363BBE-0C8C-7134-B694-E86501DC27FE}.Debug|Any CPU.ActiveCfg = Debug|Any CPU
		{5F363BBE-0C8C-7134-B694-E86501DC27FE}.Debug|Any CPU.Build.0 = Debug|Any CPU
		{5F363BBE-0C8C-7134-B694-E86501DC27FE}.Release|Any CPU.ActiveCfg = Release|Any CPU
		{5F363BBE-0C8C-7134-B694-E86501DC27FE}.Release|Any CPU.Build.0 = Release|Any CPU
		{3AB61EB3-AA03-6390-8214-7C3C37881611}.Debug|Any CPU.ActiveCfg = Debug|Any CPU
		{3AB61EB3-AA03-6390-8214-7C3C37881611}.Debug|Any CPU.Build.0 = Debug|Any CPU
		{3AB61EB3-AA03-6390-8214-7C3C37881611}.Release|Any CPU.ActiveCfg = Release|Any CPU
		{3AB61EB3-AA03-6390-8214-7C3C37881611}.Release|Any CPU.Build.0 = Release|Any CPU
		{3D3B25C0-F45A-367E-5EA4-1442E108CD49}.Debug|Any CPU.ActiveCfg = Debug|Any CPU
		{3D3B25C0-F45A-367E-5EA4-1442E108CD49}.Debug|Any CPU.Build.0 = Debug|Any CPU
		{3D3B25C0-F45A-367E-5EA4-1442E108CD49}.Release|Any CPU.ActiveCfg = Release|Any CPU
		{3D3B25C0-F45A-367E-5EA4-1442E108CD49}.Release|Any CPU.Build.0 = Release|Any CPU
		{11C289F0-0182-FEAE-D181-FBC3FA56453C}.Debug|Any CPU.ActiveCfg = Debug|Any CPU
		{11C289F0-0182-FEAE-D181-FBC3FA56453C}.Debug|Any CPU.Build.0 = Debug|Any CPU
		{11C289F0-0182-FEAE-D181-FBC3FA56453C}.Release|Any CPU.ActiveCfg = Release|Any CPU
		{11C289F0-0182-FEAE-D181-FBC3FA56453C}.Release|Any CPU.Build.0 = Release|Any CPU
		{3EE2964A-A4C0-4F7E-9F33-3EB797960CD8}.Debug|Any CPU.ActiveCfg = Debug|Any CPU
		{3EE2964A-A4C0-4F7E-9F33-3EB797960CD8}.Debug|Any CPU.Build.0 = Debug|Any CPU
		{3EE2964A-A4C0-4F7E-9F33-3EB797960CD8}.Release|Any CPU.ActiveCfg = Release|Any CPU
		{3EE2964A-A4C0-4F7E-9F33-3EB797960CD8}.Release|Any CPU.Build.0 = Release|Any CPU
		{074DB4C6-7C98-AE9B-1A8E-6775EF239BBF}.Debug|Any CPU.ActiveCfg = Debug|Any CPU
		{074DB4C6-7C98-AE9B-1A8E-6775EF239BBF}.Debug|Any CPU.Build.0 = Debug|Any CPU
		{074DB4C6-7C98-AE9B-1A8E-6775EF239BBF}.Release|Any CPU.ActiveCfg = Release|Any CPU
		{074DB4C6-7C98-AE9B-1A8E-6775EF239BBF}.Release|Any CPU.Build.0 = Release|Any CPU
		{F12F3214-A4E0-7307-A816-87EB9128C728}.Debug|Any CPU.ActiveCfg = Debug|Any CPU
		{F12F3214-A4E0-7307-A816-87EB9128C728}.Debug|Any CPU.Build.0 = Debug|Any CPU
		{F12F3214-A4E0-7307-A816-87EB9128C728}.Release|Any CPU.ActiveCfg = Release|Any CPU
		{F12F3214-A4E0-7307-A816-87EB9128C728}.Release|Any CPU.Build.0 = Release|Any CPU
		{11CF67E9-A78E-DFA2-7835-A6795A298D7C}.Debug|Any CPU.ActiveCfg = Debug|Any CPU
		{11CF67E9-A78E-DFA2-7835-A6795A298D7C}.Debug|Any CPU.Build.0 = Debug|Any CPU
		{11CF67E9-A78E-DFA2-7835-A6795A298D7C}.Release|Any CPU.ActiveCfg = Release|Any CPU
		{11CF67E9-A78E-DFA2-7835-A6795A298D7C}.Release|Any CPU.Build.0 = Release|Any CPU
		{D2CB600D-E96B-FAFD-7AF6-2A246486041B}.Debug|Any CPU.ActiveCfg = Debug|Any CPU
		{D2CB600D-E96B-FAFD-7AF6-2A246486041B}.Debug|Any CPU.Build.0 = Debug|Any CPU
		{D2CB600D-E96B-FAFD-7AF6-2A246486041B}.Release|Any CPU.ActiveCfg = Release|Any CPU
		{D2CB600D-E96B-FAFD-7AF6-2A246486041B}.Release|Any CPU.Build.0 = Release|Any CPU
		{D96F6EBC-1988-39E2-5DE1-4A43F4838C11}.Debug|Any CPU.ActiveCfg = Debug|Any CPU
		{D96F6EBC-1988-39E2-5DE1-4A43F4838C11}.Debug|Any CPU.Build.0 = Debug|Any CPU
		{D96F6EBC-1988-39E2-5DE1-4A43F4838C11}.Release|Any CPU.ActiveCfg = Release|Any CPU
		{D96F6EBC-1988-39E2-5DE1-4A43F4838C11}.Release|Any CPU.Build.0 = Release|Any CPU
		{1BF1078B-662A-8032-05E3-13E69DA068AC}.Debug|Any CPU.ActiveCfg = Debug|Any CPU
		{1BF1078B-662A-8032-05E3-13E69DA068AC}.Debug|Any CPU.Build.0 = Debug|Any CPU
		{1BF1078B-662A-8032-05E3-13E69DA068AC}.Release|Any CPU.ActiveCfg = Release|Any CPU
		{1BF1078B-662A-8032-05E3-13E69DA068AC}.Release|Any CPU.Build.0 = Release|Any CPU
		{C45CF221-57CA-B153-62FF-F7DCE861C196}.Debug|Any CPU.ActiveCfg = Debug|Any CPU
		{C45CF221-57CA-B153-62FF-F7DCE861C196}.Debug|Any CPU.Build.0 = Debug|Any CPU
		{C45CF221-57CA-B153-62FF-F7DCE861C196}.Release|Any CPU.ActiveCfg = Release|Any CPU
		{C45CF221-57CA-B153-62FF-F7DCE861C196}.Release|Any CPU.Build.0 = Release|Any CPU
		{DC658633-C07B-45D5-C5C0-CC32286962D9}.Debug|Any CPU.ActiveCfg = Debug|Any CPU
		{DC658633-C07B-45D5-C5C0-CC32286962D9}.Debug|Any CPU.Build.0 = Debug|Any CPU
		{DC658633-C07B-45D5-C5C0-CC32286962D9}.Release|Any CPU.ActiveCfg = Release|Any CPU
		{DC658633-C07B-45D5-C5C0-CC32286962D9}.Release|Any CPU.Build.0 = Release|Any CPU
		{833A0A68-3798-5563-CA57-63B21DEA61BD}.Debug|Any CPU.ActiveCfg = Debug|Any CPU
		{833A0A68-3798-5563-CA57-63B21DEA61BD}.Debug|Any CPU.Build.0 = Debug|Any CPU
		{833A0A68-3798-5563-CA57-63B21DEA61BD}.Release|Any CPU.ActiveCfg = Release|Any CPU
		{833A0A68-3798-5563-CA57-63B21DEA61BD}.Release|Any CPU.Build.0 = Release|Any CPU
		{552F39DB-A5F0-7A15-4C56-49E106BD5799}.Debug|Any CPU.ActiveCfg = Debug|Any CPU
		{552F39DB-A5F0-7A15-4C56-49E106BD5799}.Debug|Any CPU.Build.0 = Debug|Any CPU
		{552F39DB-A5F0-7A15-4C56-49E106BD5799}.Release|Any CPU.ActiveCfg = Release|Any CPU
		{552F39DB-A5F0-7A15-4C56-49E106BD5799}.Release|Any CPU.Build.0 = Release|Any CPU
		{D81349E6-2CDA-5CCB-B4A9-5B6AB51B68E4}.Debug|Any CPU.ActiveCfg = Debug|Any CPU
		{D81349E6-2CDA-5CCB-B4A9-5B6AB51B68E4}.Debug|Any CPU.Build.0 = Debug|Any CPU
		{D81349E6-2CDA-5CCB-B4A9-5B6AB51B68E4}.Release|Any CPU.ActiveCfg = Release|Any CPU
		{D81349E6-2CDA-5CCB-B4A9-5B6AB51B68E4}.Release|Any CPU.Build.0 = Release|Any CPU
		{9CFF0209-A379-3D42-6D4A-C9EA36A95995}.Debug|Any CPU.ActiveCfg = Debug|Any CPU
		{9CFF0209-A379-3D42-6D4A-C9EA36A95995}.Debug|Any CPU.Build.0 = Debug|Any CPU
		{9CFF0209-A379-3D42-6D4A-C9EA36A95995}.Release|Any CPU.ActiveCfg = Release|Any CPU
		{9CFF0209-A379-3D42-6D4A-C9EA36A95995}.Release|Any CPU.Build.0 = Release|Any CPU
		{79441954-7E42-8A39-B3CA-ABC95E8F1317}.Debug|Any CPU.ActiveCfg = Debug|Any CPU
		{79441954-7E42-8A39-B3CA-ABC95E8F1317}.Debug|Any CPU.Build.0 = Debug|Any CPU
		{79441954-7E42-8A39-B3CA-ABC95E8F1317}.Release|Any CPU.ActiveCfg = Release|Any CPU
		{79441954-7E42-8A39-B3CA-ABC95E8F1317}.Release|Any CPU.Build.0 = Release|Any CPU
		{BA54E51B-4E2B-63DB-D98A-C2C5483F5ED5}.Debug|Any CPU.ActiveCfg = Debug|Any CPU
		{BA54E51B-4E2B-63DB-D98A-C2C5483F5ED5}.Debug|Any CPU.Build.0 = Debug|Any CPU
		{BA54E51B-4E2B-63DB-D98A-C2C5483F5ED5}.Release|Any CPU.ActiveCfg = Release|Any CPU
		{BA54E51B-4E2B-63DB-D98A-C2C5483F5ED5}.Release|Any CPU.Build.0 = Release|Any CPU
		{14392883-3182-0D6F-988A-6602EB2ACE78}.Debug|Any CPU.ActiveCfg = Debug|Any CPU
		{14392883-3182-0D6F-988A-6602EB2ACE78}.Debug|Any CPU.Build.0 = Debug|Any CPU
		{14392883-3182-0D6F-988A-6602EB2ACE78}.Release|Any CPU.ActiveCfg = Release|Any CPU
		{14392883-3182-0D6F-988A-6602EB2ACE78}.Release|Any CPU.Build.0 = Release|Any CPU
		{C05FB227-D67D-7A80-89A1-8BF91A1D9751}.Debug|Any CPU.ActiveCfg = Debug|Any CPU
		{C05FB227-D67D-7A80-89A1-8BF91A1D9751}.Debug|Any CPU.Build.0 = Debug|Any CPU
		{C05FB227-D67D-7A80-89A1-8BF91A1D9751}.Release|Any CPU.ActiveCfg = Release|Any CPU
		{C05FB227-D67D-7A80-89A1-8BF91A1D9751}.Release|Any CPU.Build.0 = Release|Any CPU
		{F941F294-C94E-30E4-AFBF-D2D381F245B7}.Debug|Any CPU.ActiveCfg = Debug|Any CPU
		{F941F294-C94E-30E4-AFBF-D2D381F245B7}.Debug|Any CPU.Build.0 = Debug|Any CPU
		{F941F294-C94E-30E4-AFBF-D2D381F245B7}.Release|Any CPU.ActiveCfg = Release|Any CPU
		{F941F294-C94E-30E4-AFBF-D2D381F245B7}.Release|Any CPU.Build.0 = Release|Any CPU
		{7BF371CC-5F5A-A7B7-667F-D68027C17111}.Debug|Any CPU.ActiveCfg = Debug|Any CPU
		{7BF371CC-5F5A-A7B7-667F-D68027C17111}.Debug|Any CPU.Build.0 = Debug|Any CPU
		{7BF371CC-5F5A-A7B7-667F-D68027C17111}.Release|Any CPU.ActiveCfg = Release|Any CPU
		{7BF371CC-5F5A-A7B7-667F-D68027C17111}.Release|Any CPU.Build.0 = Release|Any CPU
		{5D601F6E-8464-4B1B-DF75-FA489F97FBA4}.Debug|Any CPU.ActiveCfg = Debug|Any CPU
		{5D601F6E-8464-4B1B-DF75-FA489F97FBA4}.Debug|Any CPU.Build.0 = Debug|Any CPU
		{5D601F6E-8464-4B1B-DF75-FA489F97FBA4}.Release|Any CPU.ActiveCfg = Release|Any CPU
		{5D601F6E-8464-4B1B-DF75-FA489F97FBA4}.Release|Any CPU.Build.0 = Release|Any CPU
		{FFD69191-B51F-DB8C-4209-B4DDC8AB2FDC}.Debug|Any CPU.ActiveCfg = Debug|Any CPU
		{FFD69191-B51F-DB8C-4209-B4DDC8AB2FDC}.Debug|Any CPU.Build.0 = Debug|Any CPU
		{FFD69191-B51F-DB8C-4209-B4DDC8AB2FDC}.Release|Any CPU.ActiveCfg = Release|Any CPU
		{FFD69191-B51F-DB8C-4209-B4DDC8AB2FDC}.Release|Any CPU.Build.0 = Release|Any CPU
		{E070BA6C-65D7-578D-BE63-F521805A664A}.Debug|Any CPU.ActiveCfg = Debug|Any CPU
		{E070BA6C-65D7-578D-BE63-F521805A664A}.Debug|Any CPU.Build.0 = Debug|Any CPU
		{E070BA6C-65D7-578D-BE63-F521805A664A}.Release|Any CPU.ActiveCfg = Release|Any CPU
		{E070BA6C-65D7-578D-BE63-F521805A664A}.Release|Any CPU.Build.0 = Release|Any CPU
		{64C7AF52-EC4A-500E-8F18-9A243F58C942}.Debug|Any CPU.ActiveCfg = Debug|Any CPU
		{64C7AF52-EC4A-500E-8F18-9A243F58C942}.Debug|Any CPU.Build.0 = Debug|Any CPU
		{64C7AF52-EC4A-500E-8F18-9A243F58C942}.Release|Any CPU.ActiveCfg = Release|Any CPU
		{64C7AF52-EC4A-500E-8F18-9A243F58C942}.Release|Any CPU.Build.0 = Release|Any CPU
		{31DAFA25-36B5-307D-BF36-782E15FDFAC0}.Debug|Any CPU.ActiveCfg = Debug|Any CPU
		{31DAFA25-36B5-307D-BF36-782E15FDFAC0}.Debug|Any CPU.Build.0 = Debug|Any CPU
		{31DAFA25-36B5-307D-BF36-782E15FDFAC0}.Release|Any CPU.ActiveCfg = Release|Any CPU
		{31DAFA25-36B5-307D-BF36-782E15FDFAC0}.Release|Any CPU.Build.0 = Release|Any CPU
		{5D8AE7AB-3771-52F4-F3AA-C96D84593664}.Debug|Any CPU.ActiveCfg = Debug|Any CPU
		{5D8AE7AB-3771-52F4-F3AA-C96D84593664}.Debug|Any CPU.Build.0 = Debug|Any CPU
		{5D8AE7AB-3771-52F4-F3AA-C96D84593664}.Release|Any CPU.ActiveCfg = Release|Any CPU
		{5D8AE7AB-3771-52F4-F3AA-C96D84593664}.Release|Any CPU.Build.0 = Release|Any CPU
		{DC9718FB-32D7-C72C-1E99-A7A86111387C}.Debug|Any CPU.ActiveCfg = Debug|Any CPU
		{DC9718FB-32D7-C72C-1E99-A7A86111387C}.Debug|Any CPU.Build.0 = Debug|Any CPU
		{DC9718FB-32D7-C72C-1E99-A7A86111387C}.Release|Any CPU.ActiveCfg = Release|Any CPU
		{DC9718FB-32D7-C72C-1E99-A7A86111387C}.Release|Any CPU.Build.0 = Release|Any CPU
		{7E7EAE3F-A0FD-06B6-73D4-29C01300E915}.Debug|Any CPU.ActiveCfg = Debug|Any CPU
		{7E7EAE3F-A0FD-06B6-73D4-29C01300E915}.Debug|Any CPU.Build.0 = Debug|Any CPU
		{7E7EAE3F-A0FD-06B6-73D4-29C01300E915}.Release|Any CPU.ActiveCfg = Release|Any CPU
		{7E7EAE3F-A0FD-06B6-73D4-29C01300E915}.Release|Any CPU.Build.0 = Release|Any CPU
		{2F7EF38A-730F-02AF-4401-E47DBBDF9DB9}.Debug|Any CPU.ActiveCfg = Debug|Any CPU
		{2F7EF38A-730F-02AF-4401-E47DBBDF9DB9}.Debug|Any CPU.Build.0 = Debug|Any CPU
		{2F7EF38A-730F-02AF-4401-E47DBBDF9DB9}.Release|Any CPU.ActiveCfg = Release|Any CPU
		{2F7EF38A-730F-02AF-4401-E47DBBDF9DB9}.Release|Any CPU.Build.0 = Release|Any CPU
		{E3FFEF99-23C5-C841-33B0-053F57DAB709}.Debug|Any CPU.ActiveCfg = Debug|Any CPU
		{E3FFEF99-23C5-C841-33B0-053F57DAB709}.Debug|Any CPU.Build.0 = Debug|Any CPU
		{E3FFEF99-23C5-C841-33B0-053F57DAB709}.Release|Any CPU.ActiveCfg = Release|Any CPU
		{E3FFEF99-23C5-C841-33B0-053F57DAB709}.Release|Any CPU.Build.0 = Release|Any CPU
		{9E10CC3D-F442-2B41-8EBC-9D6AA6A58644}.Debug|Any CPU.ActiveCfg = Debug|Any CPU
		{9E10CC3D-F442-2B41-8EBC-9D6AA6A58644}.Debug|Any CPU.Build.0 = Debug|Any CPU
		{9E10CC3D-F442-2B41-8EBC-9D6AA6A58644}.Release|Any CPU.ActiveCfg = Release|Any CPU
		{9E10CC3D-F442-2B41-8EBC-9D6AA6A58644}.Release|Any CPU.Build.0 = Release|Any CPU
		{DA439901-BFB7-DBAB-5E77-F1FC706FC470}.Debug|Any CPU.ActiveCfg = Debug|Any CPU
		{DA439901-BFB7-DBAB-5E77-F1FC706FC470}.Debug|Any CPU.Build.0 = Debug|Any CPU
		{DA439901-BFB7-DBAB-5E77-F1FC706FC470}.Release|Any CPU.ActiveCfg = Release|Any CPU
		{DA439901-BFB7-DBAB-5E77-F1FC706FC470}.Release|Any CPU.Build.0 = Release|Any CPU
		{4B46A20F-78A6-79C0-F873-CBD6D59C610D}.Debug|Any CPU.ActiveCfg = Debug|Any CPU
		{4B46A20F-78A6-79C0-F873-CBD6D59C610D}.Debug|Any CPU.Build.0 = Debug|Any CPU
		{4B46A20F-78A6-79C0-F873-CBD6D59C610D}.Release|Any CPU.ActiveCfg = Release|Any CPU
		{4B46A20F-78A6-79C0-F873-CBD6D59C610D}.Release|Any CPU.Build.0 = Release|Any CPU
		{C736E89F-A554-9C56-87CB-27D17F463BD6}.Debug|Any CPU.ActiveCfg = Debug|Any CPU
		{C736E89F-A554-9C56-87CB-27D17F463BD6}.Debug|Any CPU.Build.0 = Debug|Any CPU
		{C736E89F-A554-9C56-87CB-27D17F463BD6}.Release|Any CPU.ActiveCfg = Release|Any CPU
		{C736E89F-A554-9C56-87CB-27D17F463BD6}.Release|Any CPU.Build.0 = Release|Any CPU
		{70AB8210-8573-30C4-2CFA-AEEACA648410}.Debug|Any CPU.ActiveCfg = Debug|Any CPU
		{70AB8210-8573-30C4-2CFA-AEEACA648410}.Debug|Any CPU.Build.0 = Debug|Any CPU
		{70AB8210-8573-30C4-2CFA-AEEACA648410}.Release|Any CPU.ActiveCfg = Release|Any CPU
		{70AB8210-8573-30C4-2CFA-AEEACA648410}.Release|Any CPU.Build.0 = Release|Any CPU
		{D6A18FC8-1B0C-D271-6475-848FD6D5DAEA}.Debug|Any CPU.ActiveCfg = Debug|Any CPU
		{D6A18FC8-1B0C-D271-6475-848FD6D5DAEA}.Debug|Any CPU.Build.0 = Debug|Any CPU
		{D6A18FC8-1B0C-D271-6475-848FD6D5DAEA}.Release|Any CPU.ActiveCfg = Release|Any CPU
		{D6A18FC8-1B0C-D271-6475-848FD6D5DAEA}.Release|Any CPU.Build.0 = Release|Any CPU
		{7B96BA9B-A98C-A969-8EEC-DDC41E3CB8FD}.Debug|Any CPU.ActiveCfg = Debug|Any CPU
		{7B96BA9B-A98C-A969-8EEC-DDC41E3CB8FD}.Debug|Any CPU.Build.0 = Debug|Any CPU
		{7B96BA9B-A98C-A969-8EEC-DDC41E3CB8FD}.Release|Any CPU.ActiveCfg = Release|Any CPU
		{7B96BA9B-A98C-A969-8EEC-DDC41E3CB8FD}.Release|Any CPU.Build.0 = Release|Any CPU
		{F36B3E65-EDD4-E723-F5EC-A10E22E7790E}.Debug|Any CPU.ActiveCfg = Debug|Any CPU
		{F36B3E65-EDD4-E723-F5EC-A10E22E7790E}.Debug|Any CPU.Build.0 = Debug|Any CPU
		{F36B3E65-EDD4-E723-F5EC-A10E22E7790E}.Release|Any CPU.ActiveCfg = Release|Any CPU
		{F36B3E65-EDD4-E723-F5EC-A10E22E7790E}.Release|Any CPU.Build.0 = Release|Any CPU
		{9775B28C-C63F-9F69-B7B2-309CF94DE65A}.Debug|Any CPU.ActiveCfg = Debug|Any CPU
		{9775B28C-C63F-9F69-B7B2-309CF94DE65A}.Debug|Any CPU.Build.0 = Debug|Any CPU
		{9775B28C-C63F-9F69-B7B2-309CF94DE65A}.Release|Any CPU.ActiveCfg = Release|Any CPU
		{9775B28C-C63F-9F69-B7B2-309CF94DE65A}.Release|Any CPU.Build.0 = Release|Any CPU
		{AF2FA4AF-03BB-3AE0-8AC0-F95BA520E066}.Debug|Any CPU.ActiveCfg = Debug|Any CPU
		{AF2FA4AF-03BB-3AE0-8AC0-F95BA520E066}.Debug|Any CPU.Build.0 = Debug|Any CPU
		{AF2FA4AF-03BB-3AE0-8AC0-F95BA520E066}.Release|Any CPU.ActiveCfg = Release|Any CPU
		{AF2FA4AF-03BB-3AE0-8AC0-F95BA520E066}.Release|Any CPU.Build.0 = Release|Any CPU
	EndGlobalSection
	GlobalSection(SolutionProperties) = preSolution
		HideSolutionNode = FALSE
	EndGlobalSection
EndGlobal
